
Microsoft Visual Studio Solution File, Format Version 12.00
# Visual Studio Version 17
VisualStudioVersion = 17.11.35327.3
MinimumVisualStudioVersion = 10.0.40219.1
Project("{FAE04EC0-301F-11D3-BF4B-00C04F79EFBC}") = "SandboxConsole", "SandboxConsole\SandboxConsole.csproj", "{E2008DEA-6F37-4554-9EDA-CB35A76B38E4}"
EndProject
Project("{FAE04EC0-301F-11D3-BF4B-00C04F79EFBC}") = "InheritanceExample", "InheritanceExample\InheritanceExample.csproj", "{7201406D-56FE-4504-BED6-6574D307DD44}"
EndProject
Project("{FAE04EC0-301F-11D3-BF4B-00C04F79EFBC}") = "GeometryExample", "GeometryExample\GeometryExample.csproj", "{17893877-3D78-465E-B29C-713ACF273B3E}"
EndProject
Project("{FAE04EC0-301F-11D3-BF4B-00C04F79EFBC}") = "IteratorExample", "IteratorExample\IteratorExample.csproj", "{321433BE-D831-401D-A19C-E67ED2B127AB}"
EndProject
Project("{FAE04EC0-301F-11D3-BF4B-00C04F79EFBC}") = "BinaryTreeExample", "BinaryTreeExample\BinaryTreeExample.csproj", "{16AB35CC-9912-4A25-B00C-960F94ADED4A}"
EndProject
Project("{FAE04EC0-301F-11D3-BF4B-00C04F79EFBC}") = "CopyFilesExample", "CopyFilesExample\CopyFilesExample.csproj", "{9C09F6C1-33F3-4C34-800A-FFA1EB068FC4}"
EndProject
Project("{FAE04EC0-301F-11D3-BF4B-00C04F79EFBC}") = "HtmlParserExample", "HtmlParserExample\HtmlParserExample.csproj", "{6961DDAC-7B27-44BC-9593-1A47E5C57E5B}"
EndProject
Project("{FAE04EC0-301F-11D3-BF4B-00C04F79EFBC}") = "CustomListExample", "CustomListExample\CustomListExample.csproj", "{35F91D29-1F70-48FA-946F-0E2F7E81DD89}"
EndProject
Project("{FAE04EC0-301F-11D3-BF4B-00C04F79EFBC}") = "ConsoleServerExample", "ConsoleServerExample\ConsoleServerExample.csproj", "{1361370F-187A-4791-AFFE-2968F428848B}"
EndProject
Project("{FAE04EC0-301F-11D3-BF4B-00C04F79EFBC}") = "ConsoleClientExample", "ConsoleClientExample\ConsoleClientExample.csproj", "{2F1A981C-3E0A-4116-AC3D-80B675DABD6B}"
EndProject
Project("{FAE04EC0-301F-11D3-BF4B-00C04F79EFBC}") = "LinqPaymentsExample", "LinqPaymentsExample\LinqPaymentsExample.csproj", "{596DA271-C070-4970-9B05-4523048CBD0A}"
EndProject
Project("{FAE04EC0-301F-11D3-BF4B-00C04F79EFBC}") = "BigONotation", "BigONotation\BigONotation.csproj", "{0B1B0962-1F22-4861-97B5-3F4D02D83763}"
EndProject
Project("{FAE04EC0-301F-11D3-BF4B-00C04F79EFBC}") = "NormalFormDatabase", "NormalFormDatabase\NormalFormDatabase.csproj", "{903CE40F-D12A-42E6-89EB-AF71E23E4D79}"
EndProject
Project("{FAE04EC0-301F-11D3-BF4B-00C04F79EFBC}") = "CapTheorem", "CapTheorem\CapTheorem.csproj", "{142D673B-5A3B-4102-9253-BF01A9262CE0}"
EndProject
Project("{FAE04EC0-301F-11D3-BF4B-00C04F79EFBC}") = "IOStreamAsync", "IOStreamAsync\IOStreamAsync.csproj", "{C81358E9-C106-4B18-A7A6-C3E626E3F712}"
EndProject
Project("{FAE04EC0-301F-11D3-BF4B-00C04F79EFBC}") = "CoVariance", "CoVariance\CoVariance.csproj", "{E7CFF77C-0417-48BE-BB28-4EA04A7B745A}"
EndProject
Project("{FAE04EC0-301F-11D3-BF4B-00C04F79EFBC}") = "OneHundredTreads", "OneHundredTreads\OneHundredTreads.csproj", "{86965EEA-4129-4A0D-8572-A7451C3E78C3}"
EndProject
Project("{FAE04EC0-301F-11D3-BF4B-00C04F79EFBC}") = "BinarySearch.Benchmark", "BinarySearch.Benchmark\BinarySearch.Benchmark.csproj", "{D8A17AD3-8904-4813-96F5-32C0A623B034}"
EndProject
Project("{FAE04EC0-301F-11D3-BF4B-00C04F79EFBC}") = "BinarySearching", "BinarySearching\BinarySearching.csproj", "{925224B5-39E2-4E31-9F60-E3590CB85A07}"
EndProject
Project("{FAE04EC0-301F-11D3-BF4B-00C04F79EFBC}") = "BTreeExample", "BTreeExample\BTreeExample.csproj", "{96F4C4A3-4F2C-46DD-98C6-11FD12EE0C05}"
EndProject
Global
	GlobalSection(SolutionConfigurationPlatforms) = preSolution
		Debug|Any CPU = Debug|Any CPU
		Release|Any CPU = Release|Any CPU
	EndGlobalSection
	GlobalSection(ProjectConfigurationPlatforms) = postSolution
		{E2008DEA-6F37-4554-9EDA-CB35A76B38E4}.Debug|Any CPU.ActiveCfg = Debug|Any CPU
		{E2008DEA-6F37-4554-9EDA-CB35A76B38E4}.Debug|Any CPU.Build.0 = Debug|Any CPU
		{E2008DEA-6F37-4554-9EDA-CB35A76B38E4}.Release|Any CPU.ActiveCfg = Release|Any CPU
		{E2008DEA-6F37-4554-9EDA-CB35A76B38E4}.Release|Any CPU.Build.0 = Release|Any CPU
		{7201406D-56FE-4504-BED6-6574D307DD44}.Debug|Any CPU.ActiveCfg = Debug|Any CPU
		{7201406D-56FE-4504-BED6-6574D307DD44}.Debug|Any CPU.Build.0 = Debug|Any CPU
		{7201406D-56FE-4504-BED6-6574D307DD44}.Release|Any CPU.ActiveCfg = Release|Any CPU
		{7201406D-56FE-4504-BED6-6574D307DD44}.Release|Any CPU.Build.0 = Release|Any CPU
		{17893877-3D78-465E-B29C-713ACF273B3E}.Debug|Any CPU.ActiveCfg = Debug|Any CPU
		{17893877-3D78-465E-B29C-713ACF273B3E}.Debug|Any CPU.Build.0 = Debug|Any CPU
		{17893877-3D78-465E-B29C-713ACF273B3E}.Release|Any CPU.ActiveCfg = Release|Any CPU
		{17893877-3D78-465E-B29C-713ACF273B3E}.Release|Any CPU.Build.0 = Release|Any CPU
		{321433BE-D831-401D-A19C-E67ED2B127AB}.Debug|Any CPU.ActiveCfg = Debug|Any CPU
		{321433BE-D831-401D-A19C-E67ED2B127AB}.Debug|Any CPU.Build.0 = Debug|Any CPU
		{321433BE-D831-401D-A19C-E67ED2B127AB}.Release|Any CPU.ActiveCfg = Release|Any CPU
		{321433BE-D831-401D-A19C-E67ED2B127AB}.Release|Any CPU.Build.0 = Release|Any CPU
		{16AB35CC-9912-4A25-B00C-960F94ADED4A}.Debug|Any CPU.ActiveCfg = Debug|Any CPU
		{16AB35CC-9912-4A25-B00C-960F94ADED4A}.Debug|Any CPU.Build.0 = Debug|Any CPU
		{16AB35CC-9912-4A25-B00C-960F94ADED4A}.Release|Any CPU.ActiveCfg = Release|Any CPU
		{16AB35CC-9912-4A25-B00C-960F94ADED4A}.Release|Any CPU.Build.0 = Release|Any CPU
		{9C09F6C1-33F3-4C34-800A-FFA1EB068FC4}.Debug|Any CPU.ActiveCfg = Debug|Any CPU
		{9C09F6C1-33F3-4C34-800A-FFA1EB068FC4}.Debug|Any CPU.Build.0 = Debug|Any CPU
		{9C09F6C1-33F3-4C34-800A-FFA1EB068FC4}.Release|Any CPU.ActiveCfg = Release|Any CPU
		{9C09F6C1-33F3-4C34-800A-FFA1EB068FC4}.Release|Any CPU.Build.0 = Release|Any CPU
		{6961DDAC-7B27-44BC-9593-1A47E5C57E5B}.Debug|Any CPU.ActiveCfg = Debug|Any CPU
		{6961DDAC-7B27-44BC-9593-1A47E5C57E5B}.Debug|Any CPU.Build.0 = Debug|Any CPU
		{6961DDAC-7B27-44BC-9593-1A47E5C57E5B}.Release|Any CPU.ActiveCfg = Release|Any CPU
		{6961DDAC-7B27-44BC-9593-1A47E5C57E5B}.Release|Any CPU.Build.0 = Release|Any CPU
		{35F91D29-1F70-48FA-946F-0E2F7E81DD89}.Debug|Any CPU.ActiveCfg = Debug|Any CPU
		{35F91D29-1F70-48FA-946F-0E2F7E81DD89}.Debug|Any CPU.Build.0 = Debug|Any CPU
		{35F91D29-1F70-48FA-946F-0E2F7E81DD89}.Release|Any CPU.ActiveCfg = Release|Any CPU
		{35F91D29-1F70-48FA-946F-0E2F7E81DD89}.Release|Any CPU.Build.0 = Release|Any CPU
		{1361370F-187A-4791-AFFE-2968F428848B}.Debug|Any CPU.ActiveCfg = Debug|Any CPU
		{1361370F-187A-4791-AFFE-2968F428848B}.Debug|Any CPU.Build.0 = Debug|Any CPU
		{1361370F-187A-4791-AFFE-2968F428848B}.Release|Any CPU.ActiveCfg = Release|Any CPU
		{1361370F-187A-4791-AFFE-2968F428848B}.Release|Any CPU.Build.0 = Release|Any CPU
		{2F1A981C-3E0A-4116-AC3D-80B675DABD6B}.Debug|Any CPU.ActiveCfg = Debug|Any CPU
		{2F1A981C-3E0A-4116-AC3D-80B675DABD6B}.Debug|Any CPU.Build.0 = Debug|Any CPU
		{2F1A981C-3E0A-4116-AC3D-80B675DABD6B}.Release|Any CPU.ActiveCfg = Release|Any CPU
		{2F1A981C-3E0A-4116-AC3D-80B675DABD6B}.Release|Any CPU.Build.0 = Release|Any CPU
		{596DA271-C070-4970-9B05-4523048CBD0A}.Debug|Any CPU.ActiveCfg = Debug|Any CPU
		{596DA271-C070-4970-9B05-4523048CBD0A}.Debug|Any CPU.Build.0 = Debug|Any CPU
		{596DA271-C070-4970-9B05-4523048CBD0A}.Release|Any CPU.ActiveCfg = Release|Any CPU
		{596DA271-C070-4970-9B05-4523048CBD0A}.Release|Any CPU.Build.0 = Release|Any CPU
		{0B1B0962-1F22-4861-97B5-3F4D02D83763}.Debug|Any CPU.ActiveCfg = Debug|Any CPU
		{0B1B0962-1F22-4861-97B5-3F4D02D83763}.Debug|Any CPU.Build.0 = Debug|Any CPU
		{0B1B0962-1F22-4861-97B5-3F4D02D83763}.Release|Any CPU.ActiveCfg = Release|Any CPU
		{0B1B0962-1F22-4861-97B5-3F4D02D83763}.Release|Any CPU.Build.0 = Release|Any CPU
		{903CE40F-D12A-42E6-89EB-AF71E23E4D79}.Debug|Any CPU.ActiveCfg = Debug|Any CPU
		{903CE40F-D12A-42E6-89EB-AF71E23E4D79}.Debug|Any CPU.Build.0 = Debug|Any CPU
		{903CE40F-D12A-42E6-89EB-AF71E23E4D79}.Release|Any CPU.ActiveCfg = Release|Any CPU
		{903CE40F-D12A-42E6-89EB-AF71E23E4D79}.Release|Any CPU.Build.0 = Release|Any CPU
		{142D673B-5A3B-4102-9253-BF01A9262CE0}.Debug|Any CPU.ActiveCfg = Debug|Any CPU
		{142D673B-5A3B-4102-9253-BF01A9262CE0}.Debug|Any CPU.Build.0 = Debug|Any CPU
		{142D673B-5A3B-4102-9253-BF01A9262CE0}.Release|Any CPU.ActiveCfg = Release|Any CPU
		{142D673B-5A3B-4102-9253-BF01A9262CE0}.Release|Any CPU.Build.0 = Release|Any CPU
		{C81358E9-C106-4B18-A7A6-C3E626E3F712}.Debug|Any CPU.ActiveCfg = Debug|Any CPU
		{C81358E9-C106-4B18-A7A6-C3E626E3F712}.Debug|Any CPU.Build.0 = Debug|Any CPU
		{C81358E9-C106-4B18-A7A6-C3E626E3F712}.Release|Any CPU.ActiveCfg = Release|Any CPU
		{C81358E9-C106-4B18-A7A6-C3E626E3F712}.Release|Any CPU.Build.0 = Release|Any CPU
		{E7CFF77C-0417-48BE-BB28-4EA04A7B745A}.Debug|Any CPU.ActiveCfg = Debug|Any CPU
		{E7CFF77C-0417-48BE-BB28-4EA04A7B745A}.Debug|Any CPU.Build.0 = Debug|Any CPU
		{E7CFF77C-0417-48BE-BB28-4EA04A7B745A}.Release|Any CPU.ActiveCfg = Release|Any CPU
		{E7CFF77C-0417-48BE-BB28-4EA04A7B745A}.Release|Any CPU.Build.0 = Release|Any CPU
		{86965EEA-4129-4A0D-8572-A7451C3E78C3}.Debug|Any CPU.ActiveCfg = Debug|Any CPU
		{86965EEA-4129-4A0D-8572-A7451C3E78C3}.Debug|Any CPU.Build.0 = Debug|Any CPU
		{86965EEA-4129-4A0D-8572-A7451C3E78C3}.Release|Any CPU.ActiveCfg = Release|Any CPU
		{86965EEA-4129-4A0D-8572-A7451C3E78C3}.Release|Any CPU.Build.0 = Release|Any CPU
		{D8A17AD3-8904-4813-96F5-32C0A623B034}.Debug|Any CPU.ActiveCfg = Debug|Any CPU
		{D8A17AD3-8904-4813-96F5-32C0A623B034}.Debug|Any CPU.Build.0 = Debug|Any CPU
		{D8A17AD3-8904-4813-96F5-32C0A623B034}.Release|Any CPU.ActiveCfg = Release|Any CPU
		{D8A17AD3-8904-4813-96F5-32C0A623B034}.Release|Any CPU.Build.0 = Release|Any CPU
		{925224B5-39E2-4E31-9F60-E3590CB85A07}.Debug|Any CPU.ActiveCfg = Debug|Any CPU
		{925224B5-39E2-4E31-9F60-E3590CB85A07}.Debug|Any CPU.Build.0 = Debug|Any CPU
		{925224B5-39E2-4E31-9F60-E3590CB85A07}.Release|Any CPU.ActiveCfg = Release|Any CPU
		{925224B5-39E2-4E31-9F60-E3590CB85A07}.Release|Any CPU.Build.0 = Release|Any CPU
		{96F4C4A3-4F2C-46DD-98C6-11FD12EE0C05}.Debug|Any CPU.ActiveCfg = Debug|Any CPU
		{96F4C4A3-4F2C-46DD-98C6-11FD12EE0C05}.Debug|Any CPU.Build.0 = Debug|Any CPU
		{96F4C4A3-4F2C-46DD-98C6-11FD12EE0C05}.Release|Any CPU.ActiveCfg = Release|Any CPU
		{96F4C4A3-4F2C-46DD-98C6-11FD12EE0C05}.Release|Any CPU.Build.0 = Release|Any CPU
	EndGlobalSection
	GlobalSection(SolutionProperties) = preSolution
		HideSolutionNode = FALSE
	EndGlobalSection
	GlobalSection(ExtensibilityGlobals) = postSolution
		SolutionGuid = {C0ABB6D7-D9E2-4DF3-963B-30CE7BDE8CE2}
	EndGlobalSection
EndGlobal
