
Microsoft Visual Studio Solution File, Format Version 12.00
# Visual Studio Version 17
VisualStudioVersion = 17.14.36221.1
MinimumVisualStudioVersion = 10.0.40219.1
Project("{2150E333-8FDC-42A3-9474-1A3956D46DE8}") = "Solution Items", "Solution Items", "{8EC462FD-D22E-90A8-E5CE-7E832BA40C5D}"
	ProjectSection(SolutionItems) = preProject
		crms_offer.resx = crms_offer.resx
		crms_salesorder.1033.resx = crms_salesorder.1033.resx
		crms_salesorder.1045.resx = crms_salesorder.1045.resx
		crms_salesorder.1049.resx = crms_salesorder.1049.resx
		crms_salesorder.1058.resx = crms_salesorder.1058.resx
	EndProjectSection
EndProject
Project("{FAE04EC0-301F-11D3-BF4B-00C04F79EFBC}") = "ConsoleApp1", "ConsoleApp1\ConsoleApp1.csproj", "{4DCE32A4-5D15-4962-8335-D6EA40A8F4F3}"
EndProject
Global
	GlobalSection(SolutionConfigurationPlatforms) = preSolution
		Debug|Any CPU = Debug|Any CPU
		Release|Any CPU = Release|Any CPU
	EndGlobalSection
	GlobalSection(ProjectConfigurationPlatforms) = postSolution
		{4DCE32A4-5D15-4962-8335-D6EA40A8F4F3}.Debug|Any CPU.ActiveCfg = Debug|Any CPU
		{4DCE32A4-5D15-4962-8335-D6EA40A8F4F3}.Debug|Any CPU.Build.0 = Debug|Any CPU
		{4DCE32A4-5D15-4962-8335-D6EA40A8F4F3}.Release|Any CPU.ActiveCfg = Release|Any CPU
		{4DCE32A4-5D15-4962-8335-D6EA40A8F4F3}.Release|Any CPU.Build.0 = Release|Any CPU
	EndGlobalSection
	GlobalSection(SolutionProperties) = preSolution
		HideSolutionNode = FALSE
	EndGlobalSection
	GlobalSection(ExtensibilityGlobals) = postSolution
		SolutionGuid = {F79F4097-BC11-448A-8FE6-18B9F27E2A41}
	EndGlobalSection
EndGlobal
