
Microsoft Visual Studio Solution File, Format Version 12.00
# Visual Studio Version 17
VisualStudioVersion = 17.11.35219.272
MinimumVisualStudioVersion = 10.0.40219.1
Project("{FAE04EC0-301F-11D3-BF4B-00C04F79EFBC}") = "JustConsoleApp", "JustConsoleApp\JustConsoleApp.csproj", "{B3E8A0A7-D6B6-454F-93F5-915B7DB98B90}"
EndProject
Global
	GlobalSection(SolutionConfigurationPlatforms) = preSolution
		Debug|Any CPU = Debug|Any CPU
		Release|Any CPU = Release|Any CPU
	EndGlobalSection
	GlobalSection(ProjectConfigurationPlatforms) = postSolution
		{B3E8A0A7-D6B6-454F-93F5-915B7DB98B90}.Debug|Any CPU.ActiveCfg = Debug|Any CPU
		{B3E8A0A7-D6B6-454F-93F5-915B7DB98B90}.Debug|Any CPU.Build.0 = Debug|Any CPU
		{B3E8A0A7-D6B6-454F-93F5-915B7DB98B90}.Release|Any CPU.ActiveCfg = Release|Any CPU
		{B3E8A0A7-D6B6-454F-93F5-915B7DB98B90}.Release|Any CPU.Build.0 = Release|Any CPU
	EndGlobalSection
	GlobalSection(SolutionProperties) = preSolution
		HideSolutionNode = FALSE
	EndGlobalSection
	GlobalSection(ExtensibilityGlobals) = postSolution
		SolutionGuid = {6FB4A64F-C265-4AF6-8F66-6EE211C77A73}
	EndGlobalSection
EndGlobal
